<?xml version="1.0" encoding="utf-8"?>
<Project ToolsVersion="4.0" xmlns="http://schemas.microsoft.com/developer/msbuild/2003">
  <ItemGroup>
    <ClCompile Include="main.cc" />
    <ClCompile Include="pgsql.cc" />
    <ClCompile Include="profile.cc" />
    <ClCompile Include="character.cc" />
    <ClCompile Include="dll.cc" />
    <ClCompile Include="..\impl\utils.cc" />
    <ClCompile Include="..\impl\ctpApiMd.cc">
      <Filter>impl\src</Filter>
    </ClCompile>
    <ClCompile Include="..\impl\ctpApiMdUser.cc">
      <Filter>impl\src</Filter>
    </ClCompile>
    <ClCompile Include="..\impl\ctpApiMdUserHandler.cc">
      <Filter>impl\src</Filter>
    </ClCompile>
    <ClCompile Include="..\impl\ctpApiTrader.cc">
      <Filter>impl\src</Filter>
    </ClCompile>
    <ClCompile Include="..\impl\ctpApiTraderUser.cc">
      <Filter>impl\src</Filter>
    </ClCompile>
    <ClCompile Include="..\impl\ctpApiTraderUserHandler.cc">
      <Filter>impl\src</Filter>
    </ClCompile>
    <ClCompile Include="ctpimpl.cc">
      <Filter>impl\src</Filter>
    </ClCompile>
    <ClCompile Include="ctpSave.cpp" />
  </ItemGroup>
  <ItemGroup>
    <ClInclude Include="character.h" />
    <ClInclude Include="ctpimpl.h" />
    <ClInclude Include="dll.h" />
    <ClInclude Include="profile.h" />
    <ClInclude Include="..\h\ThostFtdcMdApi.h">
      <Filter>ext</Filter>
    </ClInclude>
    <ClInclude Include="..\h\ThostFtdcTraderApi.h">
      <Filter>ext</Filter>
    </ClInclude>
    <ClInclude Include="..\h\ThostFtdcUserApiDataType.h">
      <Filter>ext</Filter>
    </ClInclude>
    <ClInclude Include="..\h\ThostFtdcUserApiStruct.h">
      <Filter>ext</Filter>
    </ClInclude>
    <ClInclude Include="..\impl\ctpApiMd.h">
      <Filter>impl</Filter>
    </ClInclude>
    <ClInclude Include="..\impl\ctpApiMdUser.h">
      <Filter>impl</Filter>
    </ClInclude>
    <ClInclude Include="..\impl\ctpApiMdUserHandler.h">
      <Filter>impl</Filter>
    </ClInclude>
    <ClInclude Include="..\impl\ctpApiTrader.h">
      <Filter>impl</Filter>
    </ClInclude>
    <ClInclude Include="..\impl\ctpApiTraderUser.h">
      <Filter>impl</Filter>
    </ClInclude>
    <ClInclude Include="..\impl\ctpApiTraderUserHandler.h">
      <Filter>impl</Filter>
    </ClInclude>
    <ClInclude Include="..\impl\ext.h">
      <Filter>impl</Filter>
    </ClInclude>
    <ClInclude Include="..\impl\utils.h">
      <Filter>impl</Filter>
    </ClInclude>
    <ClInclude Include="third\libpq\h\iconv.h">
      <Filter>third\libpq</Filter>
    </ClInclude>
    <ClInclude Include="third\libpq\h\libpq-events.h">
      <Filter>third\libpq</Filter>
    </ClInclude>
    <ClInclude Include="third\libpq\h\libpq-fe.h">
      <Filter>third\libpq</Filter>
    </ClInclude>
    <ClInclude Include="third\libpq\h\postgres_ext.h">
      <Filter>third\libpq</Filter>
    </ClInclude>
    <ClInclude Include="pgsql.h" />
    <ClInclude Include="..\impl\saveDataHelper.h">
      <Filter>impl\helper</Filter>
    </ClInclude>
    <ClInclude Include="ctpSave.h" />
  </ItemGroup>
  <ItemGroup>
    <Filter Include="ext">
      <UniqueIdentifier>{abf59208-0436-4475-b457-f26e40953d6b}</UniqueIdentifier>
    </Filter>
    <Filter Include="impl">
      <UniqueIdentifier>{dbd8fe38-32ac-4d16-b1d2-798a05d23cc3}</UniqueIdentifier>
    </Filter>
    <Filter Include="third">
      <UniqueIdentifier>{34bf5f14-06bf-4b34-94b1-5888b689eb89}</UniqueIdentifier>
    </Filter>
    <Filter Include="third\libpq">
      <UniqueIdentifier>{48ab317f-cba5-4003-822a-3990c3a80aff}</UniqueIdentifier>
    </Filter>
    <Filter Include="impl\src">
      <UniqueIdentifier>{e723a0df-9250-448e-b35b-e18ac78b712d}</UniqueIdentifier>
    </Filter>
    <Filter Include="impl\helper">
      <UniqueIdentifier>{49bf87bd-39ff-47cc-b7eb-a2f9a913d918}</UniqueIdentifier>
    </Filter>
  </ItemGroup>
  <ItemGroup>
    <Text Include="readme.txt" />
  </ItemGroup>
</Project>